{
  "lockfile-version": 1,
  "manifest": {
    "version": 1,
    "install": {
      "pnpm": {
        "pkg-path": "pnpm"
      }
    },
    "hook": {},
    "profile": {},
    "options": {
      "systems": [
        "aarch64-darwin",
        "aarch64-linux",
        "x86_64-darwin",
        "x86_64-linux"
      ]
    }
  },
  "packages": [
    {
      "attr_path": "pnpm",
      "broken": false,
      "derivation": "/nix/store/j7jk7vdv9gczv8qjydx1569fvlrp0v1d-pnpm-10.10.0.drv",
      "description": "Fast, disk space efficient package manager for JavaScript",
      "install_id": "pnpm",
      "license": "MIT",
      "locked_url": "https://github.com/flox/nixpkgs?rev=979daf34c8cacebcd917d540070b52a3c2b9b16e",
      "name": "pnpm-10.10.0",
      "pname": "pnpm",
      "rev": "979daf34c8cacebcd917d540070b52a3c2b9b16e",
      "rev_count": 793735,
      "rev_date": "2025-05-04T03:14:55Z",
      "scrape_date": "2025-05-05T04:19:36.807975Z",
      "stabilities": [
        "unstable"
      ],
      "unfree": false,
      "version": "10.10.0",
      "outputs_to_install": [
        "out"
      ],
      "outputs": {
        "out": "/nix/store/mv25m6irsd4ljhwihfv82d8gk62czpr3-pnpm-10.10.0"
      },
      "system": "aarch64-darwin",
      "group": "toplevel",
      "priority": 5
    },
    {
      "attr_path": "pnpm",
      "broken": false,
      "derivation": "/nix/store/0q97wap5j3fxjlgg860df3sb3sxb1kzx-pnpm-10.10.0.drv",
      "description": "Fast, disk space efficient package manager for JavaScript",
      "install_id": "pnpm",
      "license": "MIT",
      "locked_url": "https://github.com/flox/nixpkgs?rev=979daf34c8cacebcd917d540070b52a3c2b9b16e",
      "name": "pnpm-10.10.0",
      "pname": "pnpm",
      "rev": "979daf34c8cacebcd917d540070b52a3c2b9b16e",
      "rev_count": 793735,
      "rev_date": "2025-05-04T03:14:55Z",
      "scrape_date": "2025-05-05T04:37:40.493587Z",
      "stabilities": [
        "unstable"
      ],
      "unfree": false,
      "version": "10.10.0",
      "outputs_to_install": [
        "out"
      ],
      "outputs": {
        "out": "/nix/store/d2n22r67bid522sj7w3bjq2l9xwlkgpq-pnpm-10.10.0"
      },
      "system": "aarch64-linux",
      "group": "toplevel",
      "priority": 5
    },
    {
      "attr_path": "pnpm",
      "broken": false,
      "derivation": "/nix/store/v7r4niw6h1nb1zb0whz1plv2yl5xg3wp-pnpm-10.10.0.drv",
      "description": "Fast, disk space efficient package manager for JavaScript",
      "install_id": "pnpm",
      "license": "MIT",
      "locked_url": "https://github.com/flox/nixpkgs?rev=979daf34c8cacebcd917d540070b52a3c2b9b16e",
      "name": "pnpm-10.10.0",
      "pname": "pnpm",
      "rev": "979daf34c8cacebcd917d540070b52a3c2b9b16e",
      "rev_count": 793735,
      "rev_date": "2025-05-04T03:14:55Z",
      "scrape_date": "2025-05-05T04:54:37.563957Z",
      "stabilities": [
        "unstable"
      ],
      "unfree": false,
      "version": "10.10.0",
      "outputs_to_install": [
        "out"
      ],
      "outputs": {
        "out": "/nix/store/vz9qncryxkcgac82mr0h38nc7hsgjcpx-pnpm-10.10.0"
      },
      "system": "x86_64-darwin",
      "group": "toplevel",
      "priority": 5
    },
    {
      "attr_path": "pnpm",
      "broken": false,
      "derivation": "/nix/store/7b8dp78li09s4rrf0yf4n4gk728q33gf-pnpm-10.10.0.drv",
      "description": "Fast, disk space efficient package manager for JavaScript",
      "install_id": "pnpm",
      "license": "MIT",
      "locked_url": "https://github.com/flox/nixpkgs?rev=979daf34c8cacebcd917d540070b52a3c2b9b16e",
      "name": "pnpm-10.10.0",
      "pname": "pnpm",
      "rev": "979daf34c8cacebcd917d540070b52a3c2b9b16e",
      "rev_count": 793735,
      "rev_date": "2025-05-04T03:14:55Z",
      "scrape_date": "2025-05-05T05:16:18.110535Z",
      "stabilities": [
        "unstable"
      ],
      "unfree": false,
      "version": "10.10.0",
      "outputs_to_install": [
        "out"
      ],
      "outputs": {
        "out": "/nix/store/1idwnh0ixq3s8ayk97qmggz3i20hz9v2-pnpm-10.10.0"
      },
      "system": "x86_64-linux",
      "group": "toplevel",
      "priority": 5
    }
  ]
}